// !$*UTF8*$!
{
	archiveVersion = 1;
	classes = {
	};
	objectVersion = 56;
	objects = {

/* Begin PBXBuildFile section */
		C20A67B42990A97700541A98 /* AppDelegate.swift in Sources */ = {isa = PBXBuildFile; fileRef = C20A67B32990A97700541A98 /* AppDelegate.swift */; };
		C20A67B62990A97700541A98 /* SceneDelegate.swift in Sources */ = {isa = PBXBuildFile; fileRef = C20A67B52990A97700541A98 /* SceneDelegate.swift */; };
		C20A67B82990A97700541A98 /* RMTabBarController.swift in Sources */ = {isa = PBXBuildFile; fileRef = C20A67B72990A97700541A98 /* RMTabBarController.swift */; };
		C20A67BD2990A97900541A98 /* Assets.xcassets in Resources */ = {isa = PBXBuildFile; fileRef = C20A67BC2990A97900541A98 /* Assets.xcassets */; };
		C20A67C02990A97900541A98 /* LaunchScreen.storyboard in Resources */ = {isa = PBXBuildFile; fileRef = C20A67BE2990A97900541A98 /* LaunchScreen.storyboard */; };
		C20A67CF2990AD4100541A98 /* RMLocation.swift in Sources */ = {isa = PBXBuildFile; fileRef = C20A67CE2990AD4100541A98 /* RMLocation.swift */; };
		C20A67D12990AD5300541A98 /* RMCharacter.swift in Sources */ = {isa = PBXBuildFile; fileRef = C20A67D02990AD5300541A98 /* RMCharacter.swift */; };
		C20A67D32990AD6C00541A98 /* RMEpisode.swift in Sources */ = {isa = PBXBuildFile; fileRef = C20A67D22990AD6C00541A98 /* RMEpisode.swift */; };
		C20A67D62990AE1500541A98 /* RMLocationViewController.swift in Sources */ = {isa = PBXBuildFile; fileRef = C20A67D52990AE1500541A98 /* RMLocationViewController.swift */; };
		C20A67D82990AE2600541A98 /* RMCharacterViewController.swift in Sources */ = {isa = PBXBuildFile; fileRef = C20A67D72990AE2600541A98 /* RMCharacterViewController.swift */; };
		C20A67DB2990AE4100541A98 /* RMEpisodeViewController.swift in Sources */ = {isa = PBXBuildFile; fileRef = C20A67DA2990AE4100541A98 /* RMEpisodeViewController.swift */; };
		C20A67DD2990AE4D00541A98 /* RMSettingsViewController.swift in Sources */ = {isa = PBXBuildFile; fileRef = C20A67DC2990AE4D00541A98 /* RMSettingsViewController.swift */; };
		C20A67DF2993563200541A98 /* RMService.swift in Sources */ = {isa = PBXBuildFile; fileRef = C20A67DE2993563200541A98 /* RMService.swift */; };
		C20A67E1299356EC00541A98 /* RMRequest.swift in Sources */ = {isa = PBXBuildFile; fileRef = C20A67E0299356EC00541A98 /* RMRequest.swift */; };
		C20A67E3299356F700541A98 /* RMEndpoint.swift in Sources */ = {isa = PBXBuildFile; fileRef = C20A67E2299356F700541A98 /* RMEndpoint.swift */; };
/* End PBXBuildFile section */

/* Begin PBXFileReference section */
		C20A67B02990A97700541A98 /* RickAndMortyApp.app */ = {isa = PBXFileReference; explicitFileType = wrapper.application; includeInIndex = 0; path = RickAndMortyApp.app; sourceTree = BUILT_PRODUCTS_DIR; };
		C20A67B32990A97700541A98 /* AppDelegate.swift */ = {isa = PBXFileReference; lastKnownFileType = sourcecode.swift; path = AppDelegate.swift; sourceTree = "<group>"; };
		C20A67B52990A97700541A98 /* SceneDelegate.swift */ = {isa = PBXFileReference; lastKnownFileType = sourcecode.swift; path = SceneDelegate.swift; sourceTree = "<group>"; };
		C20A67B72990A97700541A98 /* RMTabBarController.swift */ = {isa = PBXFileReference; lastKnownFileType = sourcecode.swift; path = RMTabBarController.swift; sourceTree = "<group>"; };
		C20A67BC2990A97900541A98 /* Assets.xcassets */ = {isa = PBXFileReference; lastKnownFileType = folder.assetcatalog; path = Assets.xcassets; sourceTree = "<group>"; };
		C20A67BF2990A97900541A98 /* Base */ = {isa = PBXFileReference; lastKnownFileType = file.storyboard; name = Base; path = Base.lproj/LaunchScreen.storyboard; sourceTree = "<group>"; };
		C20A67C12990A97900541A98 /* Info.plist */ = {isa = PBXFileReference; lastKnownFileType = text.plist.xml; path = Info.plist; sourceTree = "<group>"; };
		C20A67CE2990AD4100541A98 /* RMLocation.swift */ = {isa = PBXFileReference; lastKnownFileType = sourcecode.swift; path = RMLocation.swift; sourceTree = "<group>"; };
		C20A67D02990AD5300541A98 /* RMCharacter.swift */ = {isa = PBXFileReference; lastKnownFileType = sourcecode.swift; path = RMCharacter.swift; sourceTree = "<group>"; };
		C20A67D22990AD6C00541A98 /* RMEpisode.swift */ = {isa = PBXFileReference; lastKnownFileType = sourcecode.swift; path = RMEpisode.swift; sourceTree = "<group>"; };
		C20A67D52990AE1500541A98 /* RMLocationViewController.swift */ = {isa = PBXFileReference; lastKnownFileType = sourcecode.swift; path = RMLocationViewController.swift; sourceTree = "<group>"; };
		C20A67D72990AE2600541A98 /* RMCharacterViewController.swift */ = {isa = PBXFileReference; lastKnownFileType = sourcecode.swift; path = RMCharacterViewController.swift; sourceTree = "<group>"; };
		C20A67DA2990AE4100541A98 /* RMEpisodeViewController.swift */ = {isa = PBXFileReference; lastKnownFileType = sourcecode.swift; path = RMEpisodeViewController.swift; sourceTree = "<group>"; };
		C20A67DC2990AE4D00541A98 /* RMSettingsViewController.swift */ = {isa = PBXFileReference; lastKnownFileType = sourcecode.swift; path = RMSettingsViewController.swift; sourceTree = "<group>"; };
		C20A67DE2993563200541A98 /* RMService.swift */ = {isa = PBXFileReference; lastKnownFileType = sourcecode.swift; path = RMService.swift; sourceTree = "<group>"; };
		C20A67E0299356EC00541A98 /* RMRequest.swift */ = {isa = PBXFileReference; lastKnownFileType = sourcecode.swift; path = RMRequest.swift; sourceTree = "<group>"; };
		C20A67E2299356F700541A98 /* RMEndpoint.swift */ = {isa = PBXFileReference; lastKnownFileType = sourcecode.swift; path = RMEndpoint.swift; sourceTree = "<group>"; };
/* End PBXFileReference section */

/* Begin PBXFrameworksBuildPhase section */
		C20A67AD2990A97700541A98 /* Frameworks */ = {
			isa = PBXFrameworksBuildPhase;
			buildActionMask = 2147483647;
			files = (
			);
			runOnlyForDeploymentPostprocessing = 0;
		};
/* End PBXFrameworksBuildPhase section */

/* Begin PBXGroup section */
		C20A67A72990A97700541A98 = {
			isa = PBXGroup;
			children = (
				C20A67B22990A97700541A98 /* RickAndMortyApp */,
				C20A67B12990A97700541A98 /* Products */,
			);
			sourceTree = "<group>";
		};
		C20A67B12990A97700541A98 /* Products */ = {
			isa = PBXGroup;
			children = (
				C20A67B02990A97700541A98 /* RickAndMortyApp.app */,
			);
			name = Products;
			sourceTree = "<group>";
		};
		C20A67B22990A97700541A98 /* RickAndMortyApp */ = {
			isa = PBXGroup;
			children = (
				C20A67CD2990AC9E00541A98 /* Resources */,
				C20A67CC2990AC9300541A98 /* Managers */,
				C20A67CB2990AC8800541A98 /* APIClient */,
				C20A67CA2990AC7D00541A98 /* ViewModels */,
				C20A67C92990AC6E00541A98 /* Views */,
				C20A67C82990AC6500541A98 /* Models */,
				C20A67C72990AC5800541A98 /* Controllers */,
				C20A67C12990A97900541A98 /* Info.plist */,
			);
			path = RickAndMortyApp;
			sourceTree = "<group>";
		};
		C20A67C72990AC5800541A98 /* Controllers */ = {
			isa = PBXGroup;
			children = (
				C20A67D42990ADC500541A98 /* Core */,
			);
			path = Controllers;
			sourceTree = "<group>";
		};
		C20A67C82990AC6500541A98 /* Models */ = {
			isa = PBXGroup;
			children = (
				C20A67CE2990AD4100541A98 /* RMLocation.swift */,
				C20A67D02990AD5300541A98 /* RMCharacter.swift */,
				C20A67D22990AD6C00541A98 /* RMEpisode.swift */,
			);
			path = Models;
			sourceTree = "<group>";
		};
		C20A67C92990AC6E00541A98 /* Views */ = {
			isa = PBXGroup;
			children = (
			);
			path = Views;
			sourceTree = "<group>";
		};
		C20A67CA2990AC7D00541A98 /* ViewModels */ = {
			isa = PBXGroup;
			children = (
			);
			path = ViewModels;
			sourceTree = "<group>";
		};
		C20A67CB2990AC8800541A98 /* APIClient */ = {
			isa = PBXGroup;
			children = (
				C20A67DE2993563200541A98 /* RMService.swift */,
				C20A67E0299356EC00541A98 /* RMRequest.swift */,
				C20A67E2299356F700541A98 /* RMEndpoint.swift */,
			);
			path = APIClient;
			sourceTree = "<group>";
		};
		C20A67CC2990AC9300541A98 /* Managers */ = {
			isa = PBXGroup;
			children = (
			);
			path = Managers;
			sourceTree = "<group>";
		};
		C20A67CD2990AC9E00541A98 /* Resources */ = {
			isa = PBXGroup;
			children = (
				C20A67BC2990A97900541A98 /* Assets.xcassets */,
				C20A67BE2990A97900541A98 /* LaunchScreen.storyboard */,
				C20A67B32990A97700541A98 /* AppDelegate.swift */,
				C20A67B52990A97700541A98 /* SceneDelegate.swift */,
			);
			path = Resources;
			sourceTree = "<group>";
		};
		C20A67D42990ADC500541A98 /* Core */ = {
			isa = PBXGroup;
			children = (
				C20A67B72990A97700541A98 /* RMTabBarController.swift */,
				C20A67D72990AE2600541A98 /* RMCharacterViewController.swift */,
				C20A67D52990AE1500541A98 /* RMLocationViewController.swift */,
				C20A67DA2990AE4100541A98 /* RMEpisodeViewController.swift */,
				C20A67DC2990AE4D00541A98 /* RMSettingsViewController.swift */,
			);
			path = Core;
			sourceTree = "<group>";
		};
/* End PBXGroup section */

/* Begin PBXNativeTarget section */
		C20A67AF2990A97700541A98 /* RickAndMortyApp */ = {
			isa = PBXNativeTarget;
			buildConfigurationList = C20A67C42990A97900541A98 /* Build configuration list for PBXNativeTarget "RickAndMortyApp" */;
			buildPhases = (
				C20A67AC2990A97700541A98 /* Sources */,
				C20A67AD2990A97700541A98 /* Frameworks */,
				C20A67AE2990A97700541A98 /* Resources */,
			);
			buildRules = (
			);
			dependencies = (
			);
			name = RickAndMortyApp;
			productName = RickAndMortyApp;
			productReference = C20A67B02990A97700541A98 /* RickAndMortyApp.app */;
			productType = "com.apple.product-type.application";
		};
/* End PBXNativeTarget section */

/* Begin PBXProject section */
		C20A67A82990A97700541A98 /* Project object */ = {
			isa = PBXProject;
			attributes = {
				BuildIndependentTargetsInParallel = 1;
				LastSwiftUpdateCheck = 1420;
				LastUpgradeCheck = 1420;
				TargetAttributes = {
					C20A67AF2990A97700541A98 = {
						CreatedOnToolsVersion = 14.2;
					};
				};
			};
			buildConfigurationList = C20A67AB2990A97700541A98 /* Build configuration list for PBXProject "RickAndMortyApp" */;
			compatibilityVersion = "Xcode 14.0";
			developmentRegion = en;
			hasScannedForEncodings = 0;
			knownRegions = (
				en,
				Base,
			);
			mainGroup = C20A67A72990A97700541A98;
			productRefGroup = C20A67B12990A97700541A98 /* Products */;
			projectDirPath = "";
			projectRoot = "";
			targets = (
				C20A67AF2990A97700541A98 /* RickAndMortyApp */,
			);
		};
/* End PBXProject section */

/* Begin PBXResourcesBuildPhase section */
		C20A67AE2990A97700541A98 /* Resources */ = {
			isa = PBXResourcesBuildPhase;
			buildActionMask = 2147483647;
			files = (
				C20A67C02990A97900541A98 /* LaunchScreen.storyboard in Resources */,
				C20A67BD2990A97900541A98 /* Assets.xcassets in Resources */,
			);
			runOnlyForDeploymentPostprocessing = 0;
		};
/* End PBXResourcesBuildPhase section */

/* Begin PBXSourcesBuildPhase section */
		C20A67AC2990A97700541A98 /* Sources */ = {
			isa = PBXSourcesBuildPhase;
			buildActionMask = 2147483647;
			files = (
				C20A67D32990AD6C00541A98 /* RMEpisode.swift in Sources */,
				C20A67D12990AD5300541A98 /* RMCharacter.swift in Sources */,
				C20A67D62990AE1500541A98 /* RMLocationViewController.swift in Sources */,
				C20A67DB2990AE4100541A98 /* RMEpisodeViewController.swift in Sources */,
				C20A67B82990A97700541A98 /* RMTabBarController.swift in Sources */,
				C20A67B42990A97700541A98 /* AppDelegate.swift in Sources */,
				C20A67DD2990AE4D00541A98 /* RMSettingsViewController.swift in Sources */,
				C20A67DF2993563200541A98 /* RMService.swift in Sources */,
				C20A67D82990AE2600541A98 /* RMCharacterViewController.swift in Sources */,
				C20A67E3299356F700541A98 /* RMEndpoint.swift in Sources */,
				C20A67B62990A97700541A98 /* SceneDelegate.swift in Sources */,
				C20A67E1299356EC00541A98 /* RMRequest.swift in Sources */,
				C20A67CF2990AD4100541A98 /* RMLocation.swift in Sources */,
			);
			runOnlyForDeploymentPostprocessing = 0;
		};
/* End PBXSourcesBuildPhase section */

/* Begin PBXVariantGroup section */
		C20A67BE2990A97900541A98 /* LaunchScreen.storyboard */ = {
			isa = PBXVariantGroup;
			children = (
				C20A67BF2990A97900541A98 /* Base */,
			);
			name = LaunchScreen.storyboard;
			sourceTree = "<group>";
		};
/* End PBXVariantGroup section */

/* Begin XCBuildConfiguration section */
		C20A67C22990A97900541A98 /* Debug */ = {
			isa = XCBuildConfiguration;
			buildSettings = {
				ALWAYS_SEARCH_USER_PATHS = NO;
				CLANG_ANALYZER_NONNULL = YES;
				CLANG_ANALYZER_NUMBER_OBJECT_CONVERSION = YES_AGGRESSIVE;
				CLANG_CXX_LANGUAGE_STANDARD = "gnu++20";
				CLANG_ENABLE_MODULES = YES;
				CLANG_ENABLE_OBJC_ARC = YES;
				CLANG_ENABLE_OBJC_WEAK = YES;
				CLANG_WARN_BLOCK_CAPTURE_AUTORELEASING = YES;
				CLANG_WARN_BOOL_CONVERSION = YES;
				CLANG_WARN_COMMA = YES;
				CLANG_WARN_CONSTANT_CONVERSION = YES;
				CLANG_WARN_DEPRECATED_OBJC_IMPLEMENTATIONS = YES;
				CLANG_WARN_DIRECT_OBJC_ISA_USAGE = YES_ERROR;
				CLANG_WARN_DOCUMENTATION_COMMENTS = YES;
				CLANG_WARN_EMPTY_BODY = YES;
				CLANG_WARN_ENUM_CONVERSION = YES;
				CLANG_WARN_INFINITE_RECURSION = YES;
				CLANG_WARN_INT_CONVERSION = YES;
				CLANG_WARN_NON_LITERAL_NULL_CONVERSION = YES;
				CLANG_WARN_OBJC_IMPLICIT_RETAIN_SELF = YES;
				CLANG_WARN_OBJC_LITERAL_CONVERSION = YES;
				CLANG_WARN_OBJC_ROOT_CLASS = YES_ERROR;
				CLANG_WARN_QUOTED_INCLUDE_IN_FRAMEWORK_HEADER = YES;
				CLANG_WARN_RANGE_LOOP_ANALYSIS = YES;
				CLANG_WARN_STRICT_PROTOTYPES = YES;
				CLANG_WARN_SUSPICIOUS_MOVE = YES;
				CLANG_WARN_UNGUARDED_AVAILABILITY = YES_AGGRESSIVE;
				CLANG_WARN_UNREACHABLE_CODE = YES;
				CLANG_WARN__DUPLICATE_METHOD_MATCH = YES;
				COPY_PHASE_STRIP = NO;
				DEBUG_INFORMATION_FORMAT = dwarf;
				ENABLE_STRICT_OBJC_MSGSEND = YES;
				ENABLE_TESTABILITY = YES;
				GCC_C_LANGUAGE_STANDARD = gnu11;
				GCC_DYNAMIC_NO_PIC = NO;
				GCC_NO_COMMON_BLOCKS = YES;
				GCC_OPTIMIZATION_LEVEL = 0;
				GCC_PREPROCESSOR_DEFINITIONS = (
					"DEBUG=1",
					"$(inherited)",
				);
				GCC_WARN_64_TO_32_BIT_CONVERSION = YES;
				GCC_WARN_ABOUT_RETURN_TYPE = YES_ERROR;
				GCC_WARN_UNDECLARED_SELECTOR = YES;
				GCC_WARN_UNINITIALIZED_AUTOS = YES_AGGRESSIVE;
				GCC_WARN_UNUSED_FUNCTION = YES;
				GCC_WARN_UNUSED_VARIABLE = YES;
				IPHONEOS_DEPLOYMENT_TARGET = 16.2;
				MTL_ENABLE_DEBUG_INFO = INCLUDE_SOURCE;
				MTL_FAST_MATH = YES;
				ONLY_ACTIVE_ARCH = YES;
				SDKROOT = iphoneos;
				SWIFT_ACTIVE_COMPILATION_CONDITIONS = DEBUG;
				SWIFT_OPTIMIZATION_LEVEL = "-Onone";
			};
			name = Debug;
		};
		C20A67C32990A97900541A98 /* Release */ = {
			isa = XCBuildConfiguration;
			buildSettings = {
				ALWAYS_SEARCH_USER_PATHS = NO;
				CLANG_ANALYZER_NONNULL = YES;
				CLANG_ANALYZER_NUMBER_OBJECT_CONVERSION = YES_AGGRESSIVE;
				CLANG_CXX_LANGUAGE_STANDARD = "gnu++20";
				CLANG_ENABLE_MODULES = YES;
				CLANG_ENABLE_OBJC_ARC = YES;
				CLANG_ENABLE_OBJC_WEAK = YES;
				CLANG_WARN_BLOCK_CAPTURE_AUTORELEASING = YES;
				CLANG_WARN_BOOL_CONVERSION = YES;
				CLANG_WARN_COMMA = YES;
				CLANG_WARN_CONSTANT_CONVERSION = YES;
				CLANG_WARN_DEPRECATED_OBJC_IMPLEMENTATIONS = YES;
				CLANG_WARN_DIRECT_OBJC_ISA_USAGE = YES_ERROR;
				CLANG_WARN_DOCUMENTATION_COMMENTS = YES;
				CLANG_WARN_EMPTY_BODY = YES;
				CLANG_WARN_ENUM_CONVERSION = YES;
				CLANG_WARN_INFINITE_RECURSION = YES;
				CLANG_WARN_INT_CONVERSION = YES;
				CLANG_WARN_NON_LITERAL_NULL_CONVERSION = YES;
				CLANG_WARN_OBJC_IMPLICIT_RETAIN_SELF = YES;
				CLANG_WARN_OBJC_LITERAL_CONVERSION = YES;
				CLANG_WARN_OBJC_ROOT_CLASS = YES_ERROR;
				CLANG_WARN_QUOTED_INCLUDE_IN_FRAMEWORK_HEADER = YES;
				CLANG_WARN_RANGE_LOOP_ANALYSIS = YES;
				CLANG_WARN_STRICT_PROTOTYPES = YES;
				CLANG_WARN_SUSPICIOUS_MOVE = YES;
				CLANG_WARN_UNGUARDED_AVAILABILITY = YES_AGGRESSIVE;
				CLANG_WARN_UNREACHABLE_CODE = YES;
				CLANG_WARN__DUPLICATE_METHOD_MATCH = YES;
				COPY_PHASE_STRIP = NO;
				DEBUG_INFORMATION_FORMAT = "dwarf-with-dsym";
				ENABLE_NS_ASSERTIONS = NO;
				ENABLE_STRICT_OBJC_MSGSEND = YES;
				GCC_C_LANGUAGE_STANDARD = gnu11;
				GCC_NO_COMMON_BLOCKS = YES;
				GCC_WARN_64_TO_32_BIT_CONVERSION = YES;
				GCC_WARN_ABOUT_RETURN_TYPE = YES_ERROR;
				GCC_WARN_UNDECLARED_SELECTOR = YES;
				GCC_WARN_UNINITIALIZED_AUTOS = YES_AGGRESSIVE;
				GCC_WARN_UNUSED_FUNCTION = YES;
				GCC_WARN_UNUSED_VARIABLE = YES;
				IPHONEOS_DEPLOYMENT_TARGET = 16.2;
				MTL_ENABLE_DEBUG_INFO = NO;
				MTL_FAST_MATH = YES;
				SDKROOT = iphoneos;
				SWIFT_COMPILATION_MODE = wholemodule;
				SWIFT_OPTIMIZATION_LEVEL = "-O";
				VALIDATE_PRODUCT = YES;
			};
			name = Release;
		};
		C20A67C52990A97900541A98 /* Debug */ = {
			isa = XCBuildConfiguration;
			buildSettings = {
				ASSETCATALOG_COMPILER_APPICON_NAME = AppIcon;
				ASSETCATALOG_COMPILER_GLOBAL_ACCENT_COLOR_NAME = AccentColor;
				CODE_SIGN_STYLE = Automatic;
				CURRENT_PROJECT_VERSION = 1;
				DEVELOPMENT_TEAM = D7254NPH3Q;
				GENERATE_INFOPLIST_FILE = YES;
				INFOPLIST_FILE = RickAndMortyApp/Info.plist;
				INFOPLIST_KEY_UIApplicationSupportsIndirectInputEvents = YES;
				INFOPLIST_KEY_UILaunchStoryboardName = LaunchScreen;
				INFOPLIST_KEY_UISupportedInterfaceOrientations_iPad = "UIInterfaceOrientationPortrait UIInterfaceOrientationPortraitUpsideDown UIInterfaceOrientationLandscapeLeft UIInterfaceOrientationLandscapeRight";
				INFOPLIST_KEY_UISupportedInterfaceOrientations_iPhone = "UIInterfaceOrientationPortrait UIInterfaceOrientationLandscapeLeft UIInterfaceOrientationLandscapeRight";
				LD_RUNPATH_SEARCH_PATHS = (
					"$(inherited)",
					"@executable_path/Frameworks",
				);
				MARKETING_VERSION = 1.0;
				PRODUCT_BUNDLE_IDENTIFIER = hai.dev.RickAndMortyApp;
				PRODUCT_NAME = "$(TARGET_NAME)";
				SWIFT_EMIT_LOC_STRINGS = YES;
				SWIFT_VERSION = 5.0;
				TARGETED_DEVICE_FAMILY = "1,2";
			};
			name = Debug;
		};
		C20A67C62990A97900541A98 /* Release */ = {
			isa = XCBuildConfiguration;
			buildSettings = {
				ASSETCATALOG_COMPILER_APPICON_NAME = AppIcon;
				ASSETCATALOG_COMPILER_GLOBAL_ACCENT_COLOR_NAME = AccentColor;
				CODE_SIGN_STYLE = Automatic;
				CURRENT_PROJECT_VERSION = 1;
				DEVELOPMENT_TEAM = D7254NPH3Q;
				GENERATE_INFOPLIST_FILE = YES;
				INFOPLIST_FILE = RickAndMortyApp/Info.plist;
				INFOPLIST_KEY_UIApplicationSupportsIndirectInputEvents = YES;
				INFOPLIST_KEY_UILaunchStoryboardName = LaunchScreen;
				INFOPLIST_KEY_UISupportedInterfaceOrientations_iPad = "UIInterfaceOrientationPortrait UIInterfaceOrientationPortraitUpsideDown UIInterfaceOrientationLandscapeLeft UIInterfaceOrientationLandscapeRight";
				INFOPLIST_KEY_UISupportedInterfaceOrientations_iPhone = "UIInterfaceOrientationPortrait UIInterfaceOrientationLandscapeLeft UIInterfaceOrientationLandscapeRight";
				LD_RUNPATH_SEARCH_PATHS = (
					"$(inherited)",
					"@executable_path/Frameworks",
				);
				MARKETING_VERSION = 1.0;
				PRODUCT_BUNDLE_IDENTIFIER = hai.dev.RickAndMortyApp;
				PRODUCT_NAME = "$(TARGET_NAME)";
				SWIFT_EMIT_LOC_STRINGS = YES;
				SWIFT_VERSION = 5.0;
				TARGETED_DEVICE_FAMILY = "1,2";
			};
			name = Release;
		};
/* End XCBuildConfiguration section */

/* Begin XCConfigurationList section */
		C20A67AB2990A97700541A98 /* Build configuration list for PBXProject "RickAndMortyApp" */ = {
			isa = XCConfigurationList;
			buildConfigurations = (
				C20A67C22990A97900541A98 /* Debug */,
				C20A67C32990A97900541A98 /* Release */,
			);
			defaultConfigurationIsVisible = 0;
			defaultConfigurationName = Release;
		};
		C20A67C42990A97900541A98 /* Build configuration list for PBXNativeTarget "RickAndMortyApp" */ = {
			isa = XCConfigurationList;
			buildConfigurations = (
				C20A67C52990A97900541A98 /* Debug */,
				C20A67C62990A97900541A98 /* Release */,
			);
			defaultConfigurationIsVisible = 0;
			defaultConfigurationName = Release;
		};
/* End XCConfigurationList section */
	};
	rootObject = C20A67A82990A97700541A98 /* Project object */;
}
